// !$*UTF8*$!
{
	archiveVersion = 1;
	classes = {
	};
	objectVersion = 77;
	objects = {

/* Begin PBXContainerItemProxy section */
		9F2462972DF641F70051FCF5 /* PBXContainerItemProxy */ = {
			isa = PBXContainerItemProxy;
			containerPortal = 9F24627B2DF641F50051FCF5 /* Project object */;
			proxyType = 1;
			remoteGlobalIDString = 9F2462822DF641F50051FCF5;
			remoteInfo = SwiftCommander;
		};
		9F2462A12DF641F70051FCF5 /* PBXContainerItemProxy */ = {
			isa = PBXContainerItemProxy;
			containerPortal = 9F24627B2DF641F50051FCF5 /* Project object */;
			proxyType = 1;
			remoteGlobalIDString = 9F2462822DF641F50051FCF5;
			remoteInfo = SwiftCommander;
		};
/* End PBXContainerItemProxy section */

/* Begin PBXFileReference section */
		9F19E9EC2DF8E2D000950265 /* SwiftCommander.xcodeproj */ = {isa = PBXFileReference; lastKnownFileType = "wrapper.pb-project"; path = SwiftCommander.xcodeproj; sourceTree = "<group>"; };
		9F2462832DF641F50051FCF5 /* SwiftCommander.app */ = {isa = PBXFileReference; explicitFileType = wrapper.application; includeInIndex = 0; path = SwiftCommander.app; sourceTree = BUILT_PRODUCTS_DIR; };
		9F2462962DF641F70051FCF5 /* SwiftCommanderTests.xctest */ = {isa = PBXFileReference; explicitFileType = wrapper.cfbundle; includeInIndex = 0; path = SwiftCommanderTests.xctest; sourceTree = BUILT_PRODUCTS_DIR; };
		9F2462A02DF641F70051FCF5 /* SwiftCommanderUITests.xctest */ = {isa = PBXFileReference; explicitFileType = wrapper.cfbundle; includeInIndex = 0; path = SwiftCommanderUITests.xctest; sourceTree = BUILT_PRODUCTS_DIR; };
/* End PBXFileReference section */

/* Begin PBXFileSystemSynchronizedRootGroup section */
		9F2462852DF641F50051FCF5 /* SwiftCommander */ = {
			isa = PBXFileSystemSynchronizedRootGroup;
			path = SwiftCommander;
			sourceTree = "<group>";
		};
		9F2462992DF641F70051FCF5 /* SwiftCommanderTests */ = {
			isa = PBXFileSystemSynchronizedRootGroup;
			path = SwiftCommanderTests;
			sourceTree = "<group>";
		};
		9F2462A32DF641F70051FCF5 /* SwiftCommanderUITests */ = {
			isa = PBXFileSystemSynchronizedRootGroup;
			path = SwiftCommanderUITests;
			sourceTree = "<group>";
		};
/* End PBXFileSystemSynchronizedRootGroup section */

/* Begin PBXFrameworksBuildPhase section */
		9F2462802DF641F50051FCF5 /* Frameworks */ = {
			isa = PBXFrameworksBuildPhase;
			buildActionMask = 2147483647;
			files = (
			);
			runOnlyForDeploymentPostprocessing = 0;
		};
		9F2462932DF641F70051FCF5 /* Frameworks */ = {
			isa = PBXFrameworksBuildPhase;
			buildActionMask = 2147483647;
			files = (
			);
			runOnlyForDeploymentPostprocessing = 0;
		};
		9F24629D2DF641F70051FCF5 /* Frameworks */ = {
			isa = PBXFrameworksBuildPhase;
			buildActionMask = 2147483647;
			files = (
			);
			runOnlyForDeploymentPostprocessing = 0;
		};
/* End PBXFrameworksBuildPhase section */

/* Begin PBXGroup section */
		9F19E9ED2DF8E2D000950265 /* Products */ = {
			isa = PBXGroup;
			name = Products;
			sourceTree = "<group>";
		};
		9F24627A2DF641F50051FCF5 = {
			isa = PBXGroup;
			children = (
				9F19E9EC2DF8E2D000950265 /* SwiftCommander.xcodeproj */,
				9F2462852DF641F50051FCF5 /* SwiftCommander */,
				9F2462992DF641F70051FCF5 /* SwiftCommanderTests */,
				9F2462A32DF641F70051FCF5 /* SwiftCommanderUITests */,
				9F2462842DF641F50051FCF5 /* Products */,
			);
			sourceTree = "<group>";
		};
		9F2462842DF641F50051FCF5 /* Products */ = {
			isa = PBXGroup;
			children = (
				9F2462832DF641F50051FCF5 /* SwiftCommander.app */,
				9F2462962DF641F70051FCF5 /* SwiftCommanderTests.xctest */,
				9F2462A02DF641F70051FCF5 /* SwiftCommanderUITests.xctest */,
			);
			name = Products;
			sourceTree = "<group>";
		};
/* End PBXGroup section */

/* Begin PBXNativeTarget section */
		9F2462822DF641F50051FCF5 /* SwiftCommander */ = {
			isa = PBXNativeTarget;
			buildConfigurationList = 9F2462AA2DF641F70051FCF5 /* Build configuration list for PBXNativeTarget "SwiftCommander" */;
			buildPhases = (
				9F24627F2DF641F50051FCF5 /* Sources */,
				9F2462802DF641F50051FCF5 /* Frameworks */,
				9F2462812DF641F50051FCF5 /* Resources */,
			);
			buildRules = (
			);
			dependencies = (
			);
			fileSystemSynchronizedGroups = (
				9F2462852DF641F50051FCF5 /* SwiftCommander */,
			);
			name = SwiftCommander;
			packageProductDependencies = (
			);
			productName = SwiftCommander;
			productReference = 9F2462832DF641F50051FCF5 /* SwiftCommander.app */;
			productType = "com.apple.product-type.application";
		};
		9F2462952DF641F70051FCF5 /* SwiftCommanderTests */ = {
			isa = PBXNativeTarget;
			buildConfigurationList = 9F2462AD2DF641F70051FCF5 /* Build configuration list for PBXNativeTarget "SwiftCommanderTests" */;
			buildPhases = (
				9F2462922DF641F70051FCF5 /* Sources */,
				9F2462932DF641F70051FCF5 /* Frameworks */,
				9F2462942DF641F70051FCF5 /* Resources */,
			);
			buildRules = (
			);
			dependencies = (
				9F2462982DF641F70051FCF5 /* PBXTargetDependency */,
			);
			fileSystemSynchronizedGroups = (
				9F2462992DF641F70051FCF5 /* SwiftCommanderTests */,
			);
			name = SwiftCommanderTests;
			packageProductDependencies = (
			);
			productName = SwiftCommanderTests;
			productReference = 9F2462962DF641F70051FCF5 /* SwiftCommanderTests.xctest */;
			productType = "com.apple.product-type.bundle.unit-test";
		};
		9F24629F2DF641F70051FCF5 /* SwiftCommanderUITests */ = {
			isa = PBXNativeTarget;
			buildConfigurationList = 9F2462B02DF641F70051FCF5 /* Build configuration list for PBXNativeTarget "SwiftCommanderUITests" */;
			buildPhases = (
				9F24629C2DF641F70051FCF5 /* Sources */,
				9F24629D2DF641F70051FCF5 /* Frameworks */,
				9F24629E2DF641F70051FCF5 /* Resources */,
			);
			buildRules = (
			);
			dependencies = (
				9F2462A22DF641F70051FCF5 /* PBXTargetDependency */,
			);
			fileSystemSynchronizedGroups = (
				9F2462A32DF641F70051FCF5 /* SwiftCommanderUITests */,
			);
			name = SwiftCommanderUITests;
			packageProductDependencies = (
			);
			productName = SwiftCommanderUITests;
			productReference = 9F2462A02DF641F70051FCF5 /* SwiftCommanderUITests.xctest */;
			productType = "com.apple.product-type.bundle.ui-testing";
		};
/* End PBXNativeTarget section */

/* Begin PBXProject section */
		9F24627B2DF641F50051FCF5 /* Project object */ = {
			isa = PBXProject;
			attributes = {
				BuildIndependentTargetsInParallel = 1;
				LastSwiftUpdateCheck = 1610;
				LastUpgradeCheck = 1610;
				TargetAttributes = {
					9F2462822DF641F50051FCF5 = {
						CreatedOnToolsVersion = 16.1;
					};
					9F2462952DF641F70051FCF5 = {
						CreatedOnToolsVersion = 16.1;
						TestTargetID = 9F2462822DF641F50051FCF5;
					};
					9F24629F2DF641F70051FCF5 = {
						CreatedOnToolsVersion = 16.1;
						TestTargetID = 9F2462822DF641F50051FCF5;
					};
				};
			};
			buildConfigurationList = 9F24627E2DF641F50051FCF5 /* Build configuration list for PBXProject "SwiftCommander" */;
			developmentRegion = en;
			hasScannedForEncodings = 0;
			knownRegions = (
				en,
				Base,
			);
			mainGroup = 9F24627A2DF641F50051FCF5;
			minimizedProjectReferenceProxies = 1;
			preferredProjectObjectVersion = 77;
			productRefGroup = 9F2462842DF641F50051FCF5 /* Products */;
			projectDirPath = "";
			projectReferences = (
				{
					ProductGroup = 9F19E9ED2DF8E2D000950265 /* Products */;
					ProjectRef = 9F19E9EC2DF8E2D000950265 /* SwiftCommander.xcodeproj */;
				},
			);
			projectRoot = "";
			targets = (
				9F2462822DF641F50051FCF5 /* SwiftCommander */,
				9F2462952DF641F70051FCF5 /* SwiftCommanderTests */,
				9F24629F2DF641F70051FCF5 /* SwiftCommanderUITests */,
			);
		};
/* End PBXProject section */

/* Begin PBXResourcesBuildPhase section */
		9F2462812DF641F50051FCF5 /* Resources */ = {
			isa = PBXResourcesBuildPhase;
			buildActionMask = 2147483647;
			files = (
			);
			runOnlyForDeploymentPostprocessing = 0;
		};
		9F2462942DF641F70051FCF5 /* Resources */ = {
			isa = PBXResourcesBuildPhase;
			buildActionMask = 2147483647;
			files = (
			);
			runOnlyForDeploymentPostprocessing = 0;
		};
		9F24629E2DF641F70051FCF5 /* Resources */ = {
			isa = PBXResourcesBuildPhase;
			buildActionMask = 2147483647;
			files = (
			);
			runOnlyForDeploymentPostprocessing = 0;
		};
/* End PBXResourcesBuildPhase section */

/* Begin PBXSourcesBuildPhase section */
		9F24627F2DF641F50051FCF5 /* Sources */ = {
			isa = PBXSourcesBuildPhase;
			buildActionMask = 2147483647;
			files = (
			);
			runOnlyForDeploymentPostprocessing = 0;
		};
		9F2462922DF641F70051FCF5 /* Sources */ = {
			isa = PBXSourcesBuildPhase;
			buildActionMask = 2147483647;
			files = (
			);
			runOnlyForDeploymentPostprocessing = 0;
		};
		9F24629C2DF641F70051FCF5 /* Sources */ = {
			isa = PBXSourcesBuildPhase;
			buildActionMask = 2147483647;
			files = (
			);
			runOnlyForDeploymentPostprocessing = 0;
		};
/* End PBXSourcesBuildPhase section */

/* Begin PBXTargetDependency section */
		9F2462982DF641F70051FCF5 /* PBXTargetDependency */ = {
			isa = PBXTargetDependency;
			target = 9F2462822DF641F50051FCF5 /* SwiftCommander */;
			targetProxy = 9F2462972DF641F70051FCF5 /* PBXContainerItemProxy */;
		};
		9F2462A22DF641F70051FCF5 /* PBXTargetDependency */ = {
			isa = PBXTargetDependency;
			target = 9F2462822DF641F50051FCF5 /* SwiftCommander */;
			targetProxy = 9F2462A12DF641F70051FCF5 /* PBXContainerItemProxy */;
		};
/* End PBXTargetDependency section */

/* Begin XCBuildConfiguration section */
		9F2462A82DF641F70051FCF5 /* Debug */ = {
			isa = XCBuildConfiguration;
			buildSettings = {
				ALWAYS_SEARCH_USER_PATHS = NO;
				ASSETCATALOG_COMPILER_GENERATE_SWIFT_ASSET_SYMBOL_EXTENSIONS = YES;
				CLANG_ANALYZER_NONNULL = YES;
				CLANG_ANALYZER_NUMBER_OBJECT_CONVERSION = YES_AGGRESSIVE;
				CLANG_CXX_LANGUAGE_STANDARD = "gnu++20";
				CLANG_ENABLE_MODULES = YES;
				CLANG_ENABLE_OBJC_ARC = YES;
				CLANG_ENABLE_OBJC_WEAK = YES;
				CLANG_WARN_BLOCK_CAPTURE_AUTORELEASING = YES;
				CLANG_WARN_BOOL_CONVERSION = YES;
				CLANG_WARN_COMMA = YES;
				CLANG_WARN_CONSTANT_CONVERSION = YES;
				CLANG_WARN_DEPRECATED_OBJC_IMPLEMENTATIONS = YES;
				CLANG_WARN_DIRECT_OBJC_ISA_USAGE = YES_ERROR;
				CLANG_WARN_DOCUMENTATION_COMMENTS = YES;
				CLANG_WARN_EMPTY_BODY = YES;
				CLANG_WARN_ENUM_CONVERSION = YES;
				CLANG_WARN_INFINITE_RECURSION = YES;
				CLANG_WARN_INT_CONVERSION = YES;
				CLANG_WARN_NON_LITERAL_NULL_CONVERSION = YES;
				CLANG_WARN_OBJC_IMPLICIT_RETAIN_SELF = YES;
				CLANG_WARN_OBJC_LITERAL_CONVERSION = YES;
				CLANG_WARN_OBJC_ROOT_CLASS = YES_ERROR;
				CLANG_WARN_QUOTED_INCLUDE_IN_FRAMEWORK_HEADER = YES;
				CLANG_WARN_RANGE_LOOP_ANALYSIS = YES;
				CLANG_WARN_STRICT_PROTOTYPES = YES;
				CLANG_WARN_SUSPICIOUS_MOVE = YES;
				CLANG_WARN_UNGUARDED_AVAILABILITY = YES_AGGRESSIVE;
				CLANG_WARN_UNREACHABLE_CODE = YES;
				CLANG_WARN__DUPLICATE_METHOD_MATCH = YES;
				COPY_PHASE_STRIP = NO;
				DEBUG_INFORMATION_FORMAT = dwarf;
				ENABLE_STRICT_OBJC_MSGSEND = YES;
				ENABLE_TESTABILITY = YES;
				ENABLE_USER_SCRIPT_SANDBOXING = YES;
				GCC_C_LANGUAGE_STANDARD = gnu17;
				GCC_DYNAMIC_NO_PIC = NO;
				GCC_NO_COMMON_BLOCKS = YES;
				GCC_OPTIMIZATION_LEVEL = 0;
				GCC_PREPROCESSOR_DEFINITIONS = (
					"DEBUG=1",
					"$(inherited)",
				);
				GCC_WARN_64_TO_32_BIT_CONVERSION = YES;
				GCC_WARN_ABOUT_RETURN_TYPE = YES_ERROR;
				GCC_WARN_UNDECLARED_SELECTOR = YES;
				GCC_WARN_UNINITIALIZED_AUTOS = YES_AGGRESSIVE;
				GCC_WARN_UNUSED_FUNCTION = YES;
				GCC_WARN_UNUSED_VARIABLE = YES;
				LOCALIZATION_PREFERS_STRING_CATALOGS = YES;
				MACOSX_DEPLOYMENT_TARGET = 15.1;
				MTL_ENABLE_DEBUG_INFO = INCLUDE_SOURCE;
				MTL_FAST_MATH = YES;
				ONLY_ACTIVE_ARCH = YES;
				SDKROOT = macosx;
				SWIFT_ACTIVE_COMPILATION_CONDITIONS = "DEBUG $(inherited)";
				SWIFT_OPTIMIZATION_LEVEL = "-Onone";
			};
			name = Debug;
		};
		9F2462A92DF641F70051FCF5 /* Release */ = {
			isa = XCBuildConfiguration;
			buildSettings = {
				ALWAYS_SEARCH_USER_PATHS = NO;
				ASSETCATALOG_COMPILER_GENERATE_SWIFT_ASSET_SYMBOL_EXTENSIONS = YES;
				CLANG_ANALYZER_NONNULL = YES;
				CLANG_ANALYZER_NUMBER_OBJECT_CONVERSION = YES_AGGRESSIVE;
				CLANG_CXX_LANGUAGE_STANDARD = "gnu++20";
				CLANG_ENABLE_MODULES = YES;
				CLANG_ENABLE_OBJC_ARC = YES;
				CLANG_ENABLE_OBJC_WEAK = YES;
				CLANG_WARN_BLOCK_CAPTURE_AUTORELEASING = YES;
				CLANG_WARN_BOOL_CONVERSION = YES;
				CLANG_WARN_COMMA = YES;
				CLANG_WARN_CONSTANT_CONVERSION = YES;
				CLANG_WARN_DEPRECATED_OBJC_IMPLEMENTATIONS = YES;
				CLANG_WARN_DIRECT_OBJC_ISA_USAGE = YES_ERROR;
				CLANG_WARN_DOCUMENTATION_COMMENTS = YES;
				CLANG_WARN_EMPTY_BODY = YES;
				CLANG_WARN_ENUM_CONVERSION = YES;
				CLANG_WARN_INFINITE_RECURSION = YES;
				CLANG_WARN_INT_CONVERSION = YES;
				CLANG_WARN_NON_LITERAL_NULL_CONVERSION = YES;
				CLANG_WARN_OBJC_IMPLICIT_RETAIN_SELF = YES;
				CLANG_WARN_OBJC_LITERAL_CONVERSION = YES;
				CLANG_WARN_OBJC_ROOT_CLASS = YES_ERROR;
				CLANG_WARN_QUOTED_INCLUDE_IN_FRAMEWORK_HEADER = YES;
				CLANG_WARN_RANGE_LOOP_ANALYSIS = YES;
				CLANG_WARN_STRICT_PROTOTYPES = YES;
				CLANG_WARN_SUSPICIOUS_MOVE = YES;
				CLANG_WARN_UNGUARDED_AVAILABILITY = YES_AGGRESSIVE;
				CLANG_WARN_UNREACHABLE_CODE = YES;
				CLANG_WARN__DUPLICATE_METHOD_MATCH = YES;
				COPY_PHASE_STRIP = NO;
				DEBUG_INFORMATION_FORMAT = "dwarf-with-dsym";
				ENABLE_NS_ASSERTIONS = NO;
				ENABLE_STRICT_OBJC_MSGSEND = YES;
				ENABLE_USER_SCRIPT_SANDBOXING = YES;
				GCC_C_LANGUAGE_STANDARD = gnu17;
				GCC_NO_COMMON_BLOCKS = YES;
				GCC_WARN_64_TO_32_BIT_CONVERSION = YES;
				GCC_WARN_ABOUT_RETURN_TYPE = YES_ERROR;
				GCC_WARN_UNDECLARED_SELECTOR = YES;
				GCC_WARN_UNINITIALIZED_AUTOS = YES_AGGRESSIVE;
				GCC_WARN_UNUSED_FUNCTION = YES;
				GCC_WARN_UNUSED_VARIABLE = YES;
				LOCALIZATION_PREFERS_STRING_CATALOGS = YES;
				MACOSX_DEPLOYMENT_TARGET = 15.1;
				MTL_ENABLE_DEBUG_INFO = NO;
				MTL_FAST_MATH = YES;
				SDKROOT = macosx;
				SWIFT_COMPILATION_MODE = wholemodule;
			};
			name = Release;
		};
		9F2462AB2DF641F70051FCF5 /* Debug */ = {
			isa = XCBuildConfiguration;
			buildSettings = {
				ASSETCATALOG_COMPILER_APPICON_NAME = AppIcon;
				ASSETCATALOG_COMPILER_GLOBAL_ACCENT_COLOR_NAME = AccentColor;
				CODE_SIGN_ENTITLEMENTS = SwiftCommander/SwiftCommander.entitlements;
				CODE_SIGN_STYLE = Automatic;
				COMBINE_HIDPI_IMAGES = YES;
				CURRENT_PROJECT_VERSION = 1;
				DEVELOPMENT_ASSET_PATHS = "\"SwiftCommander/Preview Content\"";
				ENABLE_PREVIEWS = YES;
				GENERATE_INFOPLIST_FILE = YES;
				INFOPLIST_KEY_NSHumanReadableCopyright = "";
				LD_RUNPATH_SEARCH_PATHS = (
					"$(inherited)",
					"@executable_path/../Frameworks",
				);
				MACOSX_DEPLOYMENT_TARGET = 14.0;
				MARKETING_VERSION = 1.0;
				PRODUCT_BUNDLE_IDENTIFIER = ap.SwiftCommander;
				PRODUCT_NAME = "$(TARGET_NAME)";
				SWIFT_EMIT_LOC_STRINGS = YES;
				SWIFT_VERSION = 5.0;
			};
			name = Debug;
		};
		9F2462AC2DF641F70051FCF5 /* Release */ = {
			isa = XCBuildConfiguration;
			buildSettings = {
				ASSETCATALOG_COMPILER_APPICON_NAME = AppIcon;
				ASSETCATALOG_COMPILER_GLOBAL_ACCENT_COLOR_NAME = AccentColor;
				CODE_SIGN_ENTITLEMENTS = SwiftCommander/SwiftCommander.entitlements;
				CODE_SIGN_STYLE = Automatic;
				COMBINE_HIDPI_IMAGES = YES;
				CURRENT_PROJECT_VERSION = 1;
				DEVELOPMENT_ASSET_PATHS = "\"SwiftCommander/Preview Content\"";
				ENABLE_PREVIEWS = YES;
				GENERATE_INFOPLIST_FILE = YES;
				INFOPLIST_KEY_NSHumanReadableCopyright = "";
				LD_RUNPATH_SEARCH_PATHS = (
					"$(inherited)",
					"@executable_path/../Frameworks",
				);
				MACOSX_DEPLOYMENT_TARGET = 14.0;
				MARKETING_VERSION = 1.0;
				PRODUCT_BUNDLE_IDENTIFIER = ap.SwiftCommander;
				PRODUCT_NAME = "$(TARGET_NAME)";
				SWIFT_EMIT_LOC_STRINGS = YES;
				SWIFT_VERSION = 5.0;
			};
			name = Release;
		};
		9F2462AE2DF641F70051FCF5 /* Debug */ = {
			isa = XCBuildConfiguration;
			buildSettings = {
				BUNDLE_LOADER = "$(TEST_HOST)";
				CODE_SIGN_STYLE = Automatic;
				CURRENT_PROJECT_VERSION = 1;
				GENERATE_INFOPLIST_FILE = YES;
				MACOSX_DEPLOYMENT_TARGET = 14.0;
				MARKETING_VERSION = 1.0;
				PRODUCT_BUNDLE_IDENTIFIER = ap.SwiftCommanderTests;
				PRODUCT_NAME = "$(TARGET_NAME)";
				SWIFT_EMIT_LOC_STRINGS = NO;
				SWIFT_VERSION = 5.0;
				TEST_HOST = "$(BUILT_PRODUCTS_DIR)/SwiftCommander.app/$(BUNDLE_EXECUTABLE_FOLDER_PATH)/SwiftCommander";
			};
			name = Debug;
		};
		9F2462AF2DF641F70051FCF5 /* Release */ = {
			isa = XCBuildConfiguration;
			buildSettings = {
				BUNDLE_LOADER = "$(TEST_HOST)";
				CODE_SIGN_STYLE = Automatic;
				CURRENT_PROJECT_VERSION = 1;
				GENERATE_INFOPLIST_FILE = YES;
				MACOSX_DEPLOYMENT_TARGET = 14.0;
				MARKETING_VERSION = 1.0;
				PRODUCT_BUNDLE_IDENTIFIER = ap.SwiftCommanderTests;
				PRODUCT_NAME = "$(TARGET_NAME)";
				SWIFT_EMIT_LOC_STRINGS = NO;
				SWIFT_VERSION = 5.0;
				TEST_HOST = "$(BUILT_PRODUCTS_DIR)/SwiftCommander.app/$(BUNDLE_EXECUTABLE_FOLDER_PATH)/SwiftCommander";
			};
			name = Release;
		};
		9F2462B12DF641F70051FCF5 /* Debug */ = {
			isa = XCBuildConfiguration;
			buildSettings = {
				CODE_SIGN_STYLE = Automatic;
				CURRENT_PROJECT_VERSION = 1;
				GENERATE_INFOPLIST_FILE = YES;
				MARKETING_VERSION = 1.0;
				PRODUCT_BUNDLE_IDENTIFIER = ap.SwiftCommanderUITests;
				PRODUCT_NAME = "$(TARGET_NAME)";
				SWIFT_EMIT_LOC_STRINGS = NO;
				SWIFT_VERSION = 5.0;
				TEST_TARGET_NAME = SwiftCommander;
			};
			name = Debug;
		};
		9F2462B22DF641F70051FCF5 /* Release */ = {
			isa = XCBuildConfiguration;
			buildSettings = {
				CODE_SIGN_STYLE = Automatic;
				CURRENT_PROJECT_VERSION = 1;
				GENERATE_INFOPLIST_FILE = YES;
				MARKETING_VERSION = 1.0;
				PRODUCT_BUNDLE_IDENTIFIER = ap.SwiftCommanderUITests;
				PRODUCT_NAME = "$(TARGET_NAME)";
				SWIFT_EMIT_LOC_STRINGS = NO;
				SWIFT_VERSION = 5.0;
				TEST_TARGET_NAME = SwiftCommander;
			};
			name = Release;
		};
/* End XCBuildConfiguration section */

/* Begin XCConfigurationList section */
		9F24627E2DF641F50051FCF5 /* Build configuration list for PBXProject "SwiftCommander" */ = {
			isa = XCConfigurationList;
			buildConfigurations = (
				9F2462A82DF641F70051FCF5 /* Debug */,
				9F2462A92DF641F70051FCF5 /* Release */,
			);
			defaultConfigurationIsVisible = 0;
			defaultConfigurationName = Release;
		};
		9F2462AA2DF641F70051FCF5 /* Build configuration list for PBXNativeTarget "SwiftCommander" */ = {
			isa = XCConfigurationList;
			buildConfigurations = (
				9F2462AB2DF641F70051FCF5 /* Debug */,
				9F2462AC2DF641F70051FCF5 /* Release */,
			);
			defaultConfigurationIsVisible = 0;
			defaultConfigurationName = Release;
		};
		9F2462AD2DF641F70051FCF5 /* Build configuration list for PBXNativeTarget "SwiftCommanderTests" */ = {
			isa = XCConfigurationList;
			buildConfigurations = (
				9F2462AE2DF641F70051FCF5 /* Debug */,
				9F2462AF2DF641F70051FCF5 /* Release */,
			);
			defaultConfigurationIsVisible = 0;
			defaultConfigurationName = Release;
		};
		9F2462B02DF641F70051FCF5 /* Build configuration list for PBXNativeTarget "SwiftCommanderUITests" */ = {
			isa = XCConfigurationList;
			buildConfigurations = (
				9F2462B12DF641F70051FCF5 /* Debug */,
				9F2462B22DF641F70051FCF5 /* Release */,
			);
			defaultConfigurationIsVisible = 0;
			defaultConfigurationName = Release;
		};
/* End XCConfigurationList section */
	};
	rootObject = 9F24627B2DF641F50051FCF5 /* Project object */;
}
